
Microsoft Visual Studio Solution File, Format Version 12.00
# Visual Studio Version 17
VisualStudioVersion = 17.5.33424.131
MinimumVisualStudioVersion = 10.0.40219.1
Project("{FAE04EC0-301F-11D3-BF4B-00C04F79EFBC}") = "PRACTICA05_RGO", "PRACTICA05_RGO\PRACTICA05_RGO.csproj", "{34044A8A-EB85-4FFB-96A7-D20E0BE921F4}"
EndProject
Global
	GlobalSection(SolutionConfigurationPlatforms) = preSolution
		Debug|Any CPU = Debug|Any CPU
		Release|Any CPU = Release|Any CPU
	EndGlobalSection
	GlobalSection(ProjectConfigurationPlatforms) = postSolution
		{34044A8A-EB85-4FFB-96A7-D20E0BE921F4}.Debug|Any CPU.ActiveCfg = Debug|Any CPU
		{34044A8A-EB85-4FFB-96A7-D20E0BE921F4}.Debug|Any CPU.Build.0 = Debug|Any CPU
		{34044A8A-EB85-4FFB-96A7-D20E0BE921F4}.Release|Any CPU.ActiveCfg = Release|Any CPU
		{34044A8A-EB85-4FFB-96A7-D20E0BE921F4}.Release|Any CPU.Build.0 = Release|Any CPU
	EndGlobalSection
	GlobalSection(SolutionProperties) = preSolution
		HideSolutionNode = FALSE
	EndGlobalSection
	GlobalSection(ExtensibilityGlobals) = postSolution
		SolutionGuid = {23BAA3BE-7953-48CF-B2AA-1BFB8B7A46D5}
	EndGlobalSection
EndGlobal
